{
  "version": 2,
  "dependencies": {
    "net10.0": {
      "Microsoft.ML.OnnxRuntime.DirectML": {
        "type": "Direct",
        "requested": "[1.24.4, )",
        "resolved": "1.24.4",
        "contentHash": "rXEy9biJdgr55TdDaHrhl35K0FRXRCbvyRUv4S4C3jTxyxrqSh8YcEp5bzw4S9UlcqQKNfpb3sE+VWvO2DZY6A==",
        "dependencies": {
          "Microsoft.AI.DirectML": "1.15.4",
          "Microsoft.ML.OnnxRuntime.Managed": "1.24.4"
        }
      },
      "SkiaSharp": {
        "type": "Direct",
        "requested": "[3.119.1, )",
        "resolved": "3.119.1",
        "contentHash": "+Ru1BTSZQne3Vp+vbSb50Ke3Nlc3ZnItxx4+751J9WZ8YzLKAV/n+9DAo4zFTyeCI//ueT63c+VybmTTpYBEiw==",
        "dependencies": {
          "SkiaSharp.NativeAssets.Win32": "3.119.1",
          "SkiaSharp.NativeAssets.macOS": "3.119.1"
        }
      },
      "Microsoft.AI.DirectML": {
        "type": "Transitive",
        "resolved": "1.15.4",
        "contentHash": "UblWBtQxcXcxwcn+jh0pfbq4zv2b6w7ThJ35qUV9gd8niGofrFWzVqZ6yqYDMiE+IJf8LRpG+H1cZpswceOeiA=="
      },
      "Microsoft.CodeAnalysis.Analyzers": {
        "type": "Transitive",
        "resolved": "3.11.0",
        "contentHash": "v/EW3UE8/lbEYHoC2Qq7AR/DnmvpgdtAMndfQNmpuIMx/Mto8L5JnuCfdBYtgvalQOtfNCnxFejxuRrryvUTsg=="
      },
      "Microsoft.CodeAnalysis.Common": {
        "type": "Transitive",
        "resolved": "5.0.0",
        "contentHash": "ZXRAdvH6GiDeHRyd3q/km8Z44RoM6FBWHd+gen/la81mVnAdHTEsEkO5J0TCNXBymAcx5UYKt5TvgKBhaLJEow==",
        "dependencies": {
          "Microsoft.CodeAnalysis.Analyzers": "3.11.0"
        }
      },
      "Microsoft.ML.OnnxRuntime.Managed": {
        "type": "Transitive",
        "resolved": "1.24.4",
        "contentHash": "e5jsEo0HcCKDMkuRsMSievKoMv10Odv4MGmxbCin8SEm4Pto1qTpwti47xRwMtk9I/zVvfAiFIWquOq/0+22DA==",
        "dependencies": {
          "System.Numerics.Tensors": "9.0.0"
        }
      },
      "SkiaSharp.NativeAssets.macOS": {
        "type": "Transitive",
        "resolved": "3.119.1",
        "contentHash": "6hR3BdLhApjDxR1bFrJ7/lMydPfI01s3K+3WjIXFUlfC0MFCFCwRzv+JtzIkW9bDXs7XUVQS+6EVf0uzCasnGQ=="
      },
      "SkiaSharp.NativeAssets.Win32": {
        "type": "Transitive",
        "resolved": "3.119.1",
        "contentHash": "8C4GSXVJqSr0y3Tyyv5jz6MJSTVUyYkMjeKrzK+VyZPGLo89MNoUEclVuYahzOCDdtbfXrd2HtxXfDuvoSXrUw=="
      },
      "System.Numerics.Tensors": {
        "type": "Transitive",
        "resolved": "9.0.0",
        "contentHash": "hyJB4UlpAi19Xr9AXzu2NuagKC4lPfHObNMEAA0HmqFz2rX7wKgzeYzO/jM/eBHDhnUGFFEjk5cOoJaxqg5J4A=="
      },
      "XmpCore": {
        "type": "Transitive",
        "resolved": "6.1.10.1",
        "contentHash": "/Tp2/e39e7z8hLtS4TXt0FNNZHbf5yNFfHS0/59soXlgOzZlyRZivvzWpvujyaWkTWWgecp/1nHxkuc5vntn7A=="
      },
      "fluxknowledge.application": {
        "type": "Project",
        "dependencies": {
          "FluxKnowledge.Domain": "[1.0.0, )",
          "FluxKnowledge.NativeWorker.Protocol": "[1.0.0, )",
          "MetadataExtractor": "[2.9.3, )",
          "Microsoft.CodeAnalysis.CSharp": "[5.0.0, )"
        }
      },
      "fluxknowledge.domain": {
        "type": "Project"
      },
      "fluxknowledge.nativeworker.protocol": {
        "type": "Project"
      },
      "MetadataExtractor": {
        "type": "CentralTransitive",
        "requested": "[2.9.3, )",
        "resolved": "2.9.3",
        "contentHash": "7dBcqlPC2Zc/bsZtXnv8nCWe5h5WsLHszzHtxnpcsVy4MwlD3KQ3wVNoiYBm0a3rzt5hRwAosPvLPhlXrV5lyg==",
        "dependencies": {
          "XmpCore": "6.1.10.1"
        }
      },
      "Microsoft.CodeAnalysis.CSharp": {
        "type": "CentralTransitive",
        "requested": "[5.0.0, )",
        "resolved": "5.0.0",
        "contentHash": "5DSyJ9bk+ATuDy7fp2Zt0mJStDVKbBoiz1DyfAwSa+k4H4IwykAUcV3URelw5b8/iVbfSaOwkwmPUZH6opZKCw==",
        "dependencies": {
          "Microsoft.CodeAnalysis.Analyzers": "3.11.0",
          "Microsoft.CodeAnalysis.Common": "[5.0.0]"
        }
      }
    }
  }
}